
Microsoft Visual Studio Solution File, Format Version 12.00
# Visual Studio Version 17
VisualStudioVersion = 17.8.34322.80
MinimumVisualStudioVersion = 10.0.40219.1
Project("{9A19103F-16F7-4668-BE54-9A1E7A4F7556}") = "Day5", "Day5.csproj", "{23565660-DA4A-48F0-97BA-2A388F0663DD}"
EndProject
Global
	GlobalSection(SolutionConfigurationPlatforms) = preSolution
		Debug|Any CPU = Debug|Any CPU
		Release|Any CPU = Release|Any CPU
	EndGlobalSection
	GlobalSection(ProjectConfigurationPlatforms) = postSolution
		{23565660-DA4A-48F0-97BA-2A388F0663DD}.Debug|Any CPU.ActiveCfg = Debug|Any CPU
		{23565660-DA4A-48F0-97BA-2A388F0663DD}.Debug|Any CPU.Build.0 = Debug|Any CPU
		{23565660-DA4A-48F0-97BA-2A388F0663DD}.Release|Any CPU.ActiveCfg = Release|Any CPU
		{23565660-DA4A-48F0-97BA-2A388F0663DD}.Release|Any CPU.Build.0 = Release|Any CPU
	EndGlobalSection
	GlobalSection(SolutionProperties) = preSolution
		HideSolutionNode = FALSE
	EndGlobalSection
	GlobalSection(ExtensibilityGlobals) = postSolution
		SolutionGuid = {D11CC259-675B-4BED-B4A1-FD8C69084BC2}
	EndGlobalSection
EndGlobal
